// !$*UTF8*$!
{
	archiveVersion = 1;
	classes = {
	};
	objectVersion = 46;
	objects = {

/* Begin PBXBuildFile section */
		E039AF05198E84E500E40B10 /* 5-Background-thinking-head-creative-transparent.png in Resources */ = {isa = PBXBuildFile; fileRef = E039AF03198E84E500E40B10 /* 5-Background-thinking-head-creative-transparent.png */; };
		E039AF06198E84E500E40B10 /* background-businessman-thinking-concept-graphic-eps-31193747.jpg in Resources */ = {isa = PBXBuildFile; fileRef = E039AF04198E84E500E40B10 /* background-businessman-thinking-concept-graphic-eps-31193747.jpg */; };
		E06A616219471E3700C81D18 /* Questions1.plist in Resources */ = {isa = PBXBuildFile; fileRef = E06A616119471E3700C81D18 /* Questions1.plist */; };
		E0886D97194DAA6100D3A231 /* ResultExam1ViewController.m in Sources */ = {isa = PBXBuildFile; fileRef = E0886D96194DAA6100D3A231 /* ResultExam1ViewController.m */; };
		E08A4F2C1954D5B500BA4C38 /* A.html in Resources */ = {isa = PBXBuildFile; fileRef = E08A4F181954D5B400BA4C38 /* A.html */; };
		E08A4F2D1954D5B500BA4C38 /* B.html in Resources */ = {isa = PBXBuildFile; fileRef = E08A4F191954D5B400BA4C38 /* B.html */; };
		E08A4F2E1954D5B500BA4C38 /* C.html in Resources */ = {isa = PBXBuildFile; fileRef = E08A4F1A1954D5B400BA4C38 /* C.html */; };
		E08A4F2F1954D5B500BA4C38 /* D.html in Resources */ = {isa = PBXBuildFile; fileRef = E08A4F1B1954D5B500BA4C38 /* D.html */; };
		E08A4F301954D5B500BA4C38 /* ENFJ.html in Resources */ = {isa = PBXBuildFile; fileRef = E08A4F1C1954D5B500BA4C38 /* ENFJ.html */; };
		E08A4F311954D5B500BA4C38 /* ENFP.html in Resources */ = {isa = PBXBuildFile; fileRef = E08A4F1D1954D5B500BA4C38 /* ENFP.html */; };
		E08A4F321954D5B500BA4C38 /* ENTJ.html in Resources */ = {isa = PBXBuildFile; fileRef = E08A4F1E1954D5B500BA4C38 /* ENTJ.html */; };
		E08A4F331954D5B500BA4C38 /* ENTP.html in Resources */ = {isa = PBXBuildFile; fileRef = E08A4F1F1954D5B500BA4C38 /* ENTP.html */; };
		E08A4F341954D5B500BA4C38 /* ESFJ.html in Resources */ = {isa = PBXBuildFile; fileRef = E08A4F201954D5B500BA4C38 /* ESFJ.html */; };
		E08A4F351954D5B500BA4C38 /* ESFP.html in Resources */ = {isa = PBXBuildFile; fileRef = E08A4F211954D5B500BA4C38 /* ESFP.html */; };
		E08A4F361954D5B500BA4C38 /* ESTJ.html in Resources */ = {isa = PBXBuildFile; fileRef = E08A4F221954D5B500BA4C38 /* ESTJ.html */; };
		E08A4F371954D5B500BA4C38 /* ESTP.html in Resources */ = {isa = PBXBuildFile; fileRef = E08A4F231954D5B500BA4C38 /* ESTP.html */; };
		E08A4F381954D5B500BA4C38 /* INFJ.html in Resources */ = {isa = PBXBuildFile; fileRef = E08A4F241954D5B500BA4C38 /* INFJ.html */; };
		E08A4F391954D5B500BA4C38 /* INFP.html in Resources */ = {isa = PBXBuildFile; fileRef = E08A4F251954D5B500BA4C38 /* INFP.html */; };
		E08A4F3A1954D5B500BA4C38 /* INTJ.html in Resources */ = {isa = PBXBuildFile; fileRef = E08A4F261954D5B500BA4C38 /* INTJ.html */; };
		E08A4F3B1954D5B500BA4C38 /* INTP.html in Resources */ = {isa = PBXBuildFile; fileRef = E08A4F271954D5B500BA4C38 /* INTP.html */; };
		E08A4F3C1954D5B500BA4C38 /* ISFJ.html in Resources */ = {isa = PBXBuildFile; fileRef = E08A4F281954D5B500BA4C38 /* ISFJ.html */; };
		E08A4F3D1954D5B500BA4C38 /* ISFP.html in Resources */ = {isa = PBXBuildFile; fileRef = E08A4F291954D5B500BA4C38 /* ISFP.html */; };
		E08A4F3E1954D5B500BA4C38 /* ISTJ.html in Resources */ = {isa = PBXBuildFile; fileRef = E08A4F2A1954D5B500BA4C38 /* ISTJ.html */; };
		E08A4F3F1954D5B500BA4C38 /* ISTP.html in Resources */ = {isa = PBXBuildFile; fileRef = E08A4F2B1954D5B500BA4C38 /* ISTP.html */; };
		E08A4F931954D73200BA4C38 /* style.css in Resources */ = {isa = PBXBuildFile; fileRef = E08A4F921954D73200BA4C38 /* style.css */; };
		E08A4FA41954D7C300BA4C38 /* image001.jpg in Resources */ = {isa = PBXBuildFile; fileRef = E08A4F941954D7C300BA4C38 /* image001.jpg */; };
		E08A4FA51954D7C300BA4C38 /* image002.jpg in Resources */ = {isa = PBXBuildFile; fileRef = E08A4F951954D7C300BA4C38 /* image002.jpg */; };
		E08A4FA61954D7C300BA4C38 /* image003.jpg in Resources */ = {isa = PBXBuildFile; fileRef = E08A4F961954D7C300BA4C38 /* image003.jpg */; };
		E08A4FA71954D7C300BA4C38 /* image004.jpg in Resources */ = {isa = PBXBuildFile; fileRef = E08A4F971954D7C300BA4C38 /* image004.jpg */; };
		E08A4FA81954D7C300BA4C38 /* image005.jpg in Resources */ = {isa = PBXBuildFile; fileRef = E08A4F981954D7C300BA4C38 /* image005.jpg */; };
		E08A4FA91954D7C300BA4C38 /* image006.jpg in Resources */ = {isa = PBXBuildFile; fileRef = E08A4F991954D7C300BA4C38 /* image006.jpg */; };
		E08A4FAA1954D7C300BA4C38 /* image007.jpg in Resources */ = {isa = PBXBuildFile; fileRef = E08A4F9A1954D7C300BA4C38 /* image007.jpg */; };
		E08A4FAB1954D7C300BA4C38 /* image008.jpg in Resources */ = {isa = PBXBuildFile; fileRef = E08A4F9B1954D7C300BA4C38 /* image008.jpg */; };
		E08A4FAC1954D7C300BA4C38 /* image009.jpg in Resources */ = {isa = PBXBuildFile; fileRef = E08A4F9C1954D7C300BA4C38 /* image009.jpg */; };
		E08A4FAD1954D7C300BA4C38 /* image010.jpg in Resources */ = {isa = PBXBuildFile; fileRef = E08A4F9D1954D7C300BA4C38 /* image010.jpg */; };
		E08A4FAE1954D7C300BA4C38 /* image011.jpg in Resources */ = {isa = PBXBuildFile; fileRef = E08A4F9E1954D7C300BA4C38 /* image011.jpg */; };
		E08A4FAF1954D7C300BA4C38 /* image012.jpg in Resources */ = {isa = PBXBuildFile; fileRef = E08A4F9F1954D7C300BA4C38 /* image012.jpg */; };
		E08A4FB01954D7C300BA4C38 /* image013.jpg in Resources */ = {isa = PBXBuildFile; fileRef = E08A4FA01954D7C300BA4C38 /* image013.jpg */; };
		E08A4FB11954D7C300BA4C38 /* image014.jpg in Resources */ = {isa = PBXBuildFile; fileRef = E08A4FA11954D7C300BA4C38 /* image014.jpg */; };
		E08A4FB21954D7C300BA4C38 /* image015.jpg in Resources */ = {isa = PBXBuildFile; fileRef = E08A4FA21954D7C300BA4C38 /* image015.jpg */; };
		E08A4FB31954D7C300BA4C38 /* image016.jpg in Resources */ = {isa = PBXBuildFile; fileRef = E08A4FA31954D7C300BA4C38 /* image016.jpg */; };
		E08B933819576C890076B69D /* Main_iphone.storyboard in Resources */ = {isa = PBXBuildFile; fileRef = E08B933719576C890076B69D /* Main_iphone.storyboard */; };
		E08F7734198E64E1004E4608 /* check-mark-2.png in Resources */ = {isa = PBXBuildFile; fileRef = E08F7731198E64E1004E4608 /* check-mark-2.png */; };
		E08F7735198E64E1004E4608 /* check-mark-3.png in Resources */ = {isa = PBXBuildFile; fileRef = E08F7732198E64E1004E4608 /* check-mark-3.png */; };
		E08F7736198E64E1004E4608 /* unuchecked.png in Resources */ = {isa = PBXBuildFile; fileRef = E08F7733198E64E1004E4608 /* unuchecked.png */; };
		E0902429198E1F200090DEF8 /* checked.png in Resources */ = {isa = PBXBuildFile; fileRef = E0902428198E1F200090DEF8 /* checked.png */; };
		E094E01F19519E8B00CB390D /* icon_256.png in Resources */ = {isa = PBXBuildFile; fileRef = E094E01E19519E8B00CB390D /* icon_256.png */; };
		E09EADE31946ABE1009BA115 /* Foundation.framework in Frameworks */ = {isa = PBXBuildFile; fileRef = E09EADE21946ABE1009BA115 /* Foundation.framework */; };
		E09EADE51946ABE1009BA115 /* CoreGraphics.framework in Frameworks */ = {isa = PBXBuildFile; fileRef = E09EADE41946ABE1009BA115 /* CoreGraphics.framework */; };
		E09EADE71946ABE1009BA115 /* UIKit.framework in Frameworks */ = {isa = PBXBuildFile; fileRef = E09EADE61946ABE1009BA115 /* UIKit.framework */; };
		E09EADED1946ABE1009BA115 /* InfoPlist.strings in Resources */ = {isa = PBXBuildFile; fileRef = E09EADEB1946ABE1009BA115 /* InfoPlist.strings */; };
		E09EADEF1946ABE1009BA115 /* main.m in Sources */ = {isa = PBXBuildFile; fileRef = E09EADEE1946ABE1009BA115 /* main.m */; };
		E09EADF31946ABE1009BA115 /* AppDelegate.m in Sources */ = {isa = PBXBuildFile; fileRef = E09EADF21946ABE1009BA115 /* AppDelegate.m */; };
		E09EADF61946ABE1009BA115 /* Main.storyboard in Resources */ = {isa = PBXBuildFile; fileRef = E09EADF41946ABE1009BA115 /* Main.storyboard */; };
		E09EADF91946ABE1009BA115 /* ViewController.m in Sources */ = {isa = PBXBuildFile; fileRef = E09EADF81946ABE1009BA115 /* ViewController.m */; };
		E09EADFB1946ABE1009BA115 /* Images.xcassets in Resources */ = {isa = PBXBuildFile; fileRef = E09EADFA1946ABE1009BA115 /* Images.xcassets */; };
		E09EAE021946ABE2009BA115 /* XCTest.framework in Frameworks */ = {isa = PBXBuildFile; fileRef = E09EAE011946ABE2009BA115 /* XCTest.framework */; };
		E09EAE031946ABE2009BA115 /* Foundation.framework in Frameworks */ = {isa = PBXBuildFile; fileRef = E09EADE21946ABE1009BA115 /* Foundation.framework */; };
		E09EAE041946ABE2009BA115 /* UIKit.framework in Frameworks */ = {isa = PBXBuildFile; fileRef = E09EADE61946ABE1009BA115 /* UIKit.framework */; };
		E09EAE0C1946ABE2009BA115 /* InfoPlist.strings in Resources */ = {isa = PBXBuildFile; fileRef = E09EAE0A1946ABE2009BA115 /* InfoPlist.strings */; };
		E09EAE0E1946ABE2009BA115 /* QuizAppTests.m in Sources */ = {isa = PBXBuildFile; fileRef = E09EAE0D1946ABE2009BA115 /* QuizAppTests.m */; };
		E09EAE191946BD00009BA115 /* Exam1ViewController.m in Sources */ = {isa = PBXBuildFile; fileRef = E09EAE181946BD00009BA115 /* Exam1ViewController.m */; };
		E09EAE1D1946C240009BA115 /* UserInformation.m in Sources */ = {isa = PBXBuildFile; fileRef = E09EAE1C1946C240009BA115 /* UserInformation.m */; };
		E09EAE231946D368009BA115 /* Exam1QuestionsViewController.m in Sources */ = {isa = PBXBuildFile; fileRef = E09EAE221946D368009BA115 /* Exam1QuestionsViewController.m */; };
		E0D499B8194705060006C2B7 /* RadioButton.m in Sources */ = {isa = PBXBuildFile; fileRef = E0D499B5194705060006C2B7 /* RadioButton.m */; };
		E0D9FE24194FA6A6001DAB2E /* ExamTypeViewController.m in Sources */ = {isa = PBXBuildFile; fileRef = E0D9FE23194FA6A6001DAB2E /* ExamTypeViewController.m */; };
		E0D9FE27194FB2E9001DAB2E /* ExamTowViewController.m in Sources */ = {isa = PBXBuildFile; fileRef = E0D9FE26194FB2E9001DAB2E /* ExamTowViewController.m */; };
		E0D9FE29194FB46E001DAB2E /* QuestionTow.plist in Resources */ = {isa = PBXBuildFile; fileRef = E0D9FE28194FB46E001DAB2E /* QuestionTow.plist */; };
		E0F832051950FCF80040DBC0 /* ResultExamTowViewController.m in Sources */ = {isa = PBXBuildFile; fileRef = E0F832041950FCF80040DBC0 /* ResultExamTowViewController.m */; };
		E0F83207195105D20040DBC0 /* userInfo.plist in Resources */ = {isa = PBXBuildFile; fileRef = E0F83206195105D20040DBC0 /* userInfo.plist */; };
		E0F83209195113A80040DBC0 /* print.png in Resources */ = {isa = PBXBuildFile; fileRef = E0F83208195113A80040DBC0 /* print.png */; };
/* End PBXBuildFile section */

/* Begin PBXContainerItemProxy section */
		E09EAE051946ABE2009BA115 /* PBXContainerItemProxy */ = {
			isa = PBXContainerItemProxy;
			containerPortal = E09EADD71946ABE1009BA115 /* Project object */;
			proxyType = 1;
			remoteGlobalIDString = E09EADDE1946ABE1009BA115;
			remoteInfo = QuizApp;
		};
/* End PBXContainerItemProxy section */

/* Begin PBXFileReference section */
		E039AF03198E84E500E40B10 /* 5-Background-thinking-head-creative-transparent.png */ = {isa = PBXFileReference; lastKnownFileType = image.png; path = "5-Background-thinking-head-creative-transparent.png"; sourceTree = "<group>"; };
		E039AF04198E84E500E40B10 /* background-businessman-thinking-concept-graphic-eps-31193747.jpg */ = {isa = PBXFileReference; lastKnownFileType = image.jpeg; path = "background-businessman-thinking-concept-graphic-eps-31193747.jpg"; sourceTree = "<group>"; };
		E06A616119471E3700C81D18 /* Questions1.plist */ = {isa = PBXFileReference; fileEncoding = 4; lastKnownFileType = text.plist.xml; path = Questions1.plist; sourceTree = "<group>"; };
		E0886D95194DAA6100D3A231 /* ResultExam1ViewController.h */ = {isa = PBXFileReference; fileEncoding = 4; lastKnownFileType = sourcecode.c.h; path = ResultExam1ViewController.h; sourceTree = "<group>"; };
		E0886D96194DAA6100D3A231 /* ResultExam1ViewController.m */ = {isa = PBXFileReference; fileEncoding = 4; lastKnownFileType = sourcecode.c.objc; path = ResultExam1ViewController.m; sourceTree = "<group>"; };
		E08A4F181954D5B400BA4C38 /* A.html */ = {isa = PBXFileReference; fileEncoding = 4; lastKnownFileType = text.html; path = A.html; sourceTree = "<group>"; };
		E08A4F191954D5B400BA4C38 /* B.html */ = {isa = PBXFileReference; fileEncoding = 4; lastKnownFileType = text.html; path = B.html; sourceTree = "<group>"; };
		E08A4F1A1954D5B400BA4C38 /* C.html */ = {isa = PBXFileReference; fileEncoding = 4; lastKnownFileType = text.html; path = C.html; sourceTree = "<group>"; };
		E08A4F1B1954D5B500BA4C38 /* D.html */ = {isa = PBXFileReference; fileEncoding = 4; lastKnownFileType = text.html; path = D.html; sourceTree = "<group>"; };
		E08A4F1C1954D5B500BA4C38 /* ENFJ.html */ = {isa = PBXFileReference; fileEncoding = 4; lastKnownFileType = text.html; path = ENFJ.html; sourceTree = "<group>"; };
		E08A4F1D1954D5B500BA4C38 /* ENFP.html */ = {isa = PBXFileReference; fileEncoding = 4; lastKnownFileType = text.html; path = ENFP.html; sourceTree = "<group>"; };
		E08A4F1E1954D5B500BA4C38 /* ENTJ.html */ = {isa = PBXFileReference; fileEncoding = 4; lastKnownFileType = text.html; path = ENTJ.html; sourceTree = "<group>"; };
		E08A4F1F1954D5B500BA4C38 /* ENTP.html */ = {isa = PBXFileReference; fileEncoding = 4; lastKnownFileType = text.html; path = ENTP.html; sourceTree = "<group>"; };
		E08A4F201954D5B500BA4C38 /* ESFJ.html */ = {isa = PBXFileReference; fileEncoding = 4; lastKnownFileType = text.html; path = ESFJ.html; sourceTree = "<group>"; };
		E08A4F211954D5B500BA4C38 /* ESFP.html */ = {isa = PBXFileReference; fileEncoding = 4; lastKnownFileType = text.html; path = ESFP.html; sourceTree = "<group>"; };
		E08A4F221954D5B500BA4C38 /* ESTJ.html */ = {isa = PBXFileReference; fileEncoding = 4; lastKnownFileType = text.html; path = ESTJ.html; sourceTree = "<group>"; };
		E08A4F231954D5B500BA4C38 /* ESTP.html */ = {isa = PBXFileReference; fileEncoding = 4; lastKnownFileType = text.html; path = ESTP.html; sourceTree = "<group>"; };
		E08A4F241954D5B500BA4C38 /* INFJ.html */ = {isa = PBXFileReference; fileEncoding = 4; lastKnownFileType = text.html; path = INFJ.html; sourceTree = "<group>"; };
		E08A4F251954D5B500BA4C38 /* INFP.html */ = {isa = PBXFileReference; fileEncoding = 4; lastKnownFileType = text.html; path = INFP.html; sourceTree = "<group>"; };
		E08A4F261954D5B500BA4C38 /* INTJ.html */ = {isa = PBXFileReference; fileEncoding = 4; lastKnownFileType = text.html; path = INTJ.html; sourceTree = "<group>"; };
		E08A4F271954D5B500BA4C38 /* INTP.html */ = {isa = PBXFileReference; fileEncoding = 4; lastKnownFileType = text.html; path = INTP.html; sourceTree = "<group>"; };
		E08A4F281954D5B500BA4C38 /* ISFJ.html */ = {isa = PBXFileReference; fileEncoding = 4; lastKnownFileType = text.html; path = ISFJ.html; sourceTree = "<group>"; };
		E08A4F291954D5B500BA4C38 /* ISFP.html */ = {isa = PBXFileReference; fileEncoding = 4; lastKnownFileType = text.html; path = ISFP.html; sourceTree = "<group>"; };
		E08A4F2A1954D5B500BA4C38 /* ISTJ.html */ = {isa = PBXFileReference; fileEncoding = 4; lastKnownFileType = text.html; path = ISTJ.html; sourceTree = "<group>"; };
		E08A4F2B1954D5B500BA4C38 /* ISTP.html */ = {isa = PBXFileReference; fileEncoding = 4; lastKnownFileType = text.html; path = ISTP.html; sourceTree = "<group>"; };
		E08A4F921954D73200BA4C38 /* style.css */ = {isa = PBXFileReference; fileEncoding = 4; lastKnownFileType = text.css; path = style.css; sourceTree = "<group>"; };
		E08A4F941954D7C300BA4C38 /* image001.jpg */ = {isa = PBXFileReference; lastKnownFileType = image.jpeg; path = image001.jpg; sourceTree = "<group>"; };
		E08A4F951954D7C300BA4C38 /* image002.jpg */ = {isa = PBXFileReference; lastKnownFileType = image.jpeg; path = image002.jpg; sourceTree = "<group>"; };
		E08A4F961954D7C300BA4C38 /* image003.jpg */ = {isa = PBXFileReference; lastKnownFileType = image.jpeg; path = image003.jpg; sourceTree = "<group>"; };
		E08A4F971954D7C300BA4C38 /* image004.jpg */ = {isa = PBXFileReference; lastKnownFileType = image.jpeg; path = image004.jpg; sourceTree = "<group>"; };
		E08A4F981954D7C300BA4C38 /* image005.jpg */ = {isa = PBXFileReference; lastKnownFileType = image.jpeg; path = image005.jpg; sourceTree = "<group>"; };
		E08A4F991954D7C300BA4C38 /* image006.jpg */ = {isa = PBXFileReference; lastKnownFileType = image.jpeg; path = image006.jpg; sourceTree = "<group>"; };
		E08A4F9A1954D7C300BA4C38 /* image007.jpg */ = {isa = PBXFileReference; lastKnownFileType = image.jpeg; path = image007.jpg; sourceTree = "<group>"; };
		E08A4F9B1954D7C300BA4C38 /* image008.jpg */ = {isa = PBXFileReference; lastKnownFileType = image.jpeg; path = image008.jpg; sourceTree = "<group>"; };
		E08A4F9C1954D7C300BA4C38 /* image009.jpg */ = {isa = PBXFileReference; lastKnownFileType = image.jpeg; path = image009.jpg; sourceTree = "<group>"; };
		E08A4F9D1954D7C300BA4C38 /* image010.jpg */ = {isa = PBXFileReference; lastKnownFileType = image.jpeg; path = image010.jpg; sourceTree = "<group>"; };
		E08A4F9E1954D7C300BA4C38 /* image011.jpg */ = {isa = PBXFileReference; lastKnownFileType = image.jpeg; path = image011.jpg; sourceTree = "<group>"; };
		E08A4F9F1954D7C300BA4C38 /* image012.jpg */ = {isa = PBXFileReference; lastKnownFileType = image.jpeg; path = image012.jpg; sourceTree = "<group>"; };
		E08A4FA01954D7C300BA4C38 /* image013.jpg */ = {isa = PBXFileReference; lastKnownFileType = image.jpeg; path = image013.jpg; sourceTree = "<group>"; };
		E08A4FA11954D7C300BA4C38 /* image014.jpg */ = {isa = PBXFileReference; lastKnownFileType = image.jpeg; path = image014.jpg; sourceTree = "<group>"; };
		E08A4FA21954D7C300BA4C38 /* image015.jpg */ = {isa = PBXFileReference; lastKnownFileType = image.jpeg; path = image015.jpg; sourceTree = "<group>"; };
		E08A4FA31954D7C300BA4C38 /* image016.jpg */ = {isa = PBXFileReference; lastKnownFileType = image.jpeg; path = image016.jpg; sourceTree = "<group>"; };
		E08B933619576BF40076B69D /* en */ = {isa = PBXFileReference; lastKnownFileType = text.plist.strings; name = en; path = en.lproj/Main.strings; sourceTree = "<group>"; };
		E08B933719576C890076B69D /* Main_iphone.storyboard */ = {isa = PBXFileReference; fileEncoding = 4; lastKnownFileType = file.storyboard; name = Main_iphone.storyboard; path = ../Main_iphone.storyboard; sourceTree = "<group>"; };
		E08F7731198E64E1004E4608 /* check-mark-2.png */ = {isa = PBXFileReference; lastKnownFileType = image.png; path = "check-mark-2.png"; sourceTree = "<group>"; };
		E08F7732198E64E1004E4608 /* check-mark-3.png */ = {isa = PBXFileReference; lastKnownFileType = image.png; path = "check-mark-3.png"; sourceTree = "<group>"; };
		E08F7733198E64E1004E4608 /* unuchecked.png */ = {isa = PBXFileReference; lastKnownFileType = image.png; path = unuchecked.png; sourceTree = "<group>"; };
		E0902428198E1F200090DEF8 /* checked.png */ = {isa = PBXFileReference; lastKnownFileType = image.png; path = checked.png; sourceTree = "<group>"; };
		E094E01E19519E8B00CB390D /* icon_256.png */ = {isa = PBXFileReference; lastKnownFileType = image.png; path = icon_256.png; sourceTree = "<group>"; };
		E09EADDF1946ABE1009BA115 /* QuizApp.app */ = {isa = PBXFileReference; explicitFileType = wrapper.application; includeInIndex = 0; path = QuizApp.app; sourceTree = BUILT_PRODUCTS_DIR; };
		E09EADE21946ABE1009BA115 /* Foundation.framework */ = {isa = PBXFileReference; lastKnownFileType = wrapper.framework; name = Foundation.framework; path = System/Library/Frameworks/Foundation.framework; sourceTree = SDKROOT; };
		E09EADE41946ABE1009BA115 /* CoreGraphics.framework */ = {isa = PBXFileReference; lastKnownFileType = wrapper.framework; name = CoreGraphics.framework; path = System/Library/Frameworks/CoreGraphics.framework; sourceTree = SDKROOT; };
		E09EADE61946ABE1009BA115 /* UIKit.framework */ = {isa = PBXFileReference; lastKnownFileType = wrapper.framework; name = UIKit.framework; path = System/Library/Frameworks/UIKit.framework; sourceTree = SDKROOT; };
		E09EADEA1946ABE1009BA115 /* QuizApp-Info.plist */ = {isa = PBXFileReference; lastKnownFileType = text.plist.xml; path = "QuizApp-Info.plist"; sourceTree = "<group>"; };
		E09EADEC1946ABE1009BA115 /* en */ = {isa = PBXFileReference; lastKnownFileType = text.plist.strings; name = en; path = en.lproj/InfoPlist.strings; sourceTree = "<group>"; };
		E09EADEE1946ABE1009BA115 /* main.m */ = {isa = PBXFileReference; lastKnownFileType = sourcecode.c.objc; path = main.m; sourceTree = "<group>"; };
		E09EADF01946ABE1009BA115 /* QuizApp-Prefix.pch */ = {isa = PBXFileReference; lastKnownFileType = sourcecode.c.h; path = "QuizApp-Prefix.pch"; sourceTree = "<group>"; };
		E09EADF11946ABE1009BA115 /* AppDelegate.h */ = {isa = PBXFileReference; lastKnownFileType = sourcecode.c.h; path = AppDelegate.h; sourceTree = "<group>"; };
		E09EADF21946ABE1009BA115 /* AppDelegate.m */ = {isa = PBXFileReference; lastKnownFileType = sourcecode.c.objc; path = AppDelegate.m; sourceTree = "<group>"; };
		E09EADF51946ABE1009BA115 /* Base */ = {isa = PBXFileReference; lastKnownFileType = file.storyboard; name = Base; path = Base.lproj/Main.storyboard; sourceTree = "<group>"; };
		E09EADF71946ABE1009BA115 /* ViewController.h */ = {isa = PBXFileReference; lastKnownFileType = sourcecode.c.h; path = ViewController.h; sourceTree = "<group>"; };
		E09EADF81946ABE1009BA115 /* ViewController.m */ = {isa = PBXFileReference; lastKnownFileType = sourcecode.c.objc; path = ViewController.m; sourceTree = "<group>"; };
		E09EADFA1946ABE1009BA115 /* Images.xcassets */ = {isa = PBXFileReference; lastKnownFileType = folder.assetcatalog; path = Images.xcassets; sourceTree = "<group>"; };
		E09EAE001946ABE2009BA115 /* QuizAppTests.xctest */ = {isa = PBXFileReference; explicitFileType = wrapper.cfbundle; includeInIndex = 0; path = QuizAppTests.xctest; sourceTree = BUILT_PRODUCTS_DIR; };
		E09EAE011946ABE2009BA115 /* XCTest.framework */ = {isa = PBXFileReference; lastKnownFileType = wrapper.framework; name = XCTest.framework; path = Library/Frameworks/XCTest.framework; sourceTree = DEVELOPER_DIR; };
		E09EAE091946ABE2009BA115 /* QuizAppTests-Info.plist */ = {isa = PBXFileReference; lastKnownFileType = text.plist.xml; path = "QuizAppTests-Info.plist"; sourceTree = "<group>"; };
		E09EAE0B1946ABE2009BA115 /* en */ = {isa = PBXFileReference; lastKnownFileType = text.plist.strings; name = en; path = en.lproj/InfoPlist.strings; sourceTree = "<group>"; };
		E09EAE0D1946ABE2009BA115 /* QuizAppTests.m */ = {isa = PBXFileReference; lastKnownFileType = sourcecode.c.objc; path = QuizAppTests.m; sourceTree = "<group>"; };
		E09EAE171946BD00009BA115 /* Exam1ViewController.h */ = {isa = PBXFileReference; fileEncoding = 4; lastKnownFileType = sourcecode.c.h; path = Exam1ViewController.h; sourceTree = "<group>"; };
		E09EAE181946BD00009BA115 /* Exam1ViewController.m */ = {isa = PBXFileReference; fileEncoding = 4; lastKnownFileType = sourcecode.c.objc; path = Exam1ViewController.m; sourceTree = "<group>"; };
		E09EAE1B1946C240009BA115 /* UserInformation.h */ = {isa = PBXFileReference; fileEncoding = 4; lastKnownFileType = sourcecode.c.h; path = UserInformation.h; sourceTree = "<group>"; };
		E09EAE1C1946C240009BA115 /* UserInformation.m */ = {isa = PBXFileReference; fileEncoding = 4; lastKnownFileType = sourcecode.c.objc; path = UserInformation.m; sourceTree = "<group>"; };
		E09EAE211946D368009BA115 /* Exam1QuestionsViewController.h */ = {isa = PBXFileReference; fileEncoding = 4; lastKnownFileType = sourcecode.c.h; path = Exam1QuestionsViewController.h; sourceTree = "<group>"; };
		E09EAE221946D368009BA115 /* Exam1QuestionsViewController.m */ = {isa = PBXFileReference; fileEncoding = 4; lastKnownFileType = sourcecode.c.objc; path = Exam1QuestionsViewController.m; sourceTree = "<group>"; };
		E0D499B4194705060006C2B7 /* RadioButton.h */ = {isa = PBXFileReference; fileEncoding = 4; lastKnownFileType = sourcecode.c.h; path = RadioButton.h; sourceTree = "<group>"; };
		E0D499B5194705060006C2B7 /* RadioButton.m */ = {isa = PBXFileReference; fileEncoding = 4; lastKnownFileType = sourcecode.c.objc; path = RadioButton.m; sourceTree = "<group>"; };
		E0D9FE22194FA6A6001DAB2E /* ExamTypeViewController.h */ = {isa = PBXFileReference; fileEncoding = 4; lastKnownFileType = sourcecode.c.h; path = ExamTypeViewController.h; sourceTree = "<group>"; };
		E0D9FE23194FA6A6001DAB2E /* ExamTypeViewController.m */ = {isa = PBXFileReference; fileEncoding = 4; lastKnownFileType = sourcecode.c.objc; path = ExamTypeViewController.m; sourceTree = "<group>"; };
		E0D9FE25194FB2E9001DAB2E /* ExamTowViewController.h */ = {isa = PBXFileReference; fileEncoding = 4; lastKnownFileType = sourcecode.c.h; path = ExamTowViewController.h; sourceTree = "<group>"; };
		E0D9FE26194FB2E9001DAB2E /* ExamTowViewController.m */ = {isa = PBXFileReference; fileEncoding = 4; lastKnownFileType = sourcecode.c.objc; path = ExamTowViewController.m; sourceTree = "<group>"; };
		E0D9FE28194FB46E001DAB2E /* QuestionTow.plist */ = {isa = PBXFileReference; fileEncoding = 4; lastKnownFileType = text.plist.xml; path = QuestionTow.plist; sourceTree = "<group>"; };
		E0F832031950FCF80040DBC0 /* ResultExamTowViewController.h */ = {isa = PBXFileReference; fileEncoding = 4; lastKnownFileType = sourcecode.c.h; path = ResultExamTowViewController.h; sourceTree = "<group>"; };
		E0F832041950FCF80040DBC0 /* ResultExamTowViewController.m */ = {isa = PBXFileReference; fileEncoding = 4; lastKnownFileType = sourcecode.c.objc; path = ResultExamTowViewController.m; sourceTree = "<group>"; };
		E0F83206195105D20040DBC0 /* userInfo.plist */ = {isa = PBXFileReference; fileEncoding = 4; lastKnownFileType = text.plist.xml; path = userInfo.plist; sourceTree = "<group>"; };
		E0F83208195113A80040DBC0 /* print.png */ = {isa = PBXFileReference; lastKnownFileType = image.png; path = print.png; sourceTree = "<group>"; };
/* End PBXFileReference section */

/* Begin PBXFrameworksBuildPhase section */
		E09EADDC1946ABE1009BA115 /* Frameworks */ = {
			isa = PBXFrameworksBuildPhase;
			buildActionMask = 2147483647;
			files = (
				E09EADE51946ABE1009BA115 /* CoreGraphics.framework in Frameworks */,
				E09EADE71946ABE1009BA115 /* UIKit.framework in Frameworks */,
				E09EADE31946ABE1009BA115 /* Foundation.framework in Frameworks */,
			);
			runOnlyForDeploymentPostprocessing = 0;
		};
		E09EADFD1946ABE2009BA115 /* Frameworks */ = {
			isa = PBXFrameworksBuildPhase;
			buildActionMask = 2147483647;
			files = (
				E09EAE021946ABE2009BA115 /* XCTest.framework in Frameworks */,
				E09EAE041946ABE2009BA115 /* UIKit.framework in Frameworks */,
				E09EAE031946ABE2009BA115 /* Foundation.framework in Frameworks */,
			);
			runOnlyForDeploymentPostprocessing = 0;
		};
/* End PBXFrameworksBuildPhase section */

/* Begin PBXGroup section */
		E06A616319471E4000C81D18 /* Data */ = {
			isa = PBXGroup;
			children = (
				E06A616119471E3700C81D18 /* Questions1.plist */,
				E0D9FE28194FB46E001DAB2E /* QuestionTow.plist */,
				E0F83206195105D20040DBC0 /* userInfo.plist */,
			);
			name = Data;
			sourceTree = "<group>";
		};
		E08A4EB31954D48500BA4C38 /* html */ = {
			isa = PBXGroup;
			children = (
				E08A4F941954D7C300BA4C38 /* image001.jpg */,
				E08A4F951954D7C300BA4C38 /* image002.jpg */,
				E08A4F961954D7C300BA4C38 /* image003.jpg */,
				E08A4F971954D7C300BA4C38 /* image004.jpg */,
				E08A4F981954D7C300BA4C38 /* image005.jpg */,
				E08A4F991954D7C300BA4C38 /* image006.jpg */,
				E08A4F9A1954D7C300BA4C38 /* image007.jpg */,
				E08A4F9B1954D7C300BA4C38 /* image008.jpg */,
				E08A4F9C1954D7C300BA4C38 /* image009.jpg */,
				E08A4F9D1954D7C300BA4C38 /* image010.jpg */,
				E08A4F9E1954D7C300BA4C38 /* image011.jpg */,
				E08A4F9F1954D7C300BA4C38 /* image012.jpg */,
				E08A4FA01954D7C300BA4C38 /* image013.jpg */,
				E08A4FA11954D7C300BA4C38 /* image014.jpg */,
				E08A4FA21954D7C300BA4C38 /* image015.jpg */,
				E08A4FA31954D7C300BA4C38 /* image016.jpg */,
				E08A4F921954D73200BA4C38 /* style.css */,
				E08A4F181954D5B400BA4C38 /* A.html */,
				E08A4F191954D5B400BA4C38 /* B.html */,
				E08A4F1A1954D5B400BA4C38 /* C.html */,
				E08A4F1B1954D5B500BA4C38 /* D.html */,
				E08A4F1C1954D5B500BA4C38 /* ENFJ.html */,
				E08A4F1D1954D5B500BA4C38 /* ENFP.html */,
				E08A4F1E1954D5B500BA4C38 /* ENTJ.html */,
				E08A4F1F1954D5B500BA4C38 /* ENTP.html */,
				E08A4F201954D5B500BA4C38 /* ESFJ.html */,
				E08A4F211954D5B500BA4C38 /* ESFP.html */,
				E08A4F221954D5B500BA4C38 /* ESTJ.html */,
				E08A4F231954D5B500BA4C38 /* ESTP.html */,
				E08A4F241954D5B500BA4C38 /* INFJ.html */,
				E08A4F251954D5B500BA4C38 /* INFP.html */,
				E08A4F261954D5B500BA4C38 /* INTJ.html */,
				E08A4F271954D5B500BA4C38 /* INTP.html */,
				E08A4F281954D5B500BA4C38 /* ISFJ.html */,
				E08A4F291954D5B500BA4C38 /* ISFP.html */,
				E08A4F2A1954D5B500BA4C38 /* ISTJ.html */,
				E08A4F2B1954D5B500BA4C38 /* ISTP.html */,
			);
			name = html;
			sourceTree = "<group>";
		};
		E09EADD61946ABE1009BA115 = {
			isa = PBXGroup;
			children = (
				E09EADE81946ABE1009BA115 /* QuizApp */,
				E09EAE071946ABE2009BA115 /* QuizAppTests */,
				E09EADE11946ABE1009BA115 /* Frameworks */,
				E09EADE01946ABE1009BA115 /* Products */,
			);
			sourceTree = "<group>";
		};
		E09EADE01946ABE1009BA115 /* Products */ = {
			isa = PBXGroup;
			children = (
				E09EADDF1946ABE1009BA115 /* QuizApp.app */,
				E09EAE001946ABE2009BA115 /* QuizAppTests.xctest */,
			);
			name = Products;
			sourceTree = "<group>";
		};
		E09EADE11946ABE1009BA115 /* Frameworks */ = {
			isa = PBXGroup;
			children = (
				E09EADE21946ABE1009BA115 /* Foundation.framework */,
				E09EADE41946ABE1009BA115 /* CoreGraphics.framework */,
				E09EADE61946ABE1009BA115 /* UIKit.framework */,
				E09EAE011946ABE2009BA115 /* XCTest.framework */,
			);
			name = Frameworks;
			sourceTree = "<group>";
		};
		E09EADE81946ABE1009BA115 /* QuizApp */ = {
			isa = PBXGroup;
			children = (
				E08A4EB31954D48500BA4C38 /* html */,
				E06A616319471E4000C81D18 /* Data */,
				E0D499BE19470AAE0006C2B7 /* RadioButton */,
				E09EAE1E1946CAE5009BA115 /* images */,
				E09EADE91946ABE1009BA115 /* Supporting Files */,
				E09EAE1A1946C214009BA115 /* Model */,
				E09EADFA1946ABE1009BA115 /* Images.xcassets */,
				E09EADF11946ABE1009BA115 /* AppDelegate.h */,
				E09EADF21946ABE1009BA115 /* AppDelegate.m */,
				E08B933719576C890076B69D /* Main_iphone.storyboard */,
				E09EADF41946ABE1009BA115 /* Main.storyboard */,
				E09EADF71946ABE1009BA115 /* ViewController.h */,
				E09EADF81946ABE1009BA115 /* ViewController.m */,
				E0D9FE22194FA6A6001DAB2E /* ExamTypeViewController.h */,
				E0D9FE23194FA6A6001DAB2E /* ExamTypeViewController.m */,
				E09EAE171946BD00009BA115 /* Exam1ViewController.h */,
				E09EAE181946BD00009BA115 /* Exam1ViewController.m */,
				E09EAE211946D368009BA115 /* Exam1QuestionsViewController.h */,
				E09EAE221946D368009BA115 /* Exam1QuestionsViewController.m */,
				E0886D95194DAA6100D3A231 /* ResultExam1ViewController.h */,
				E0886D96194DAA6100D3A231 /* ResultExam1ViewController.m */,
				E0D9FE25194FB2E9001DAB2E /* ExamTowViewController.h */,
				E0D9FE26194FB2E9001DAB2E /* ExamTowViewController.m */,
				E0F832031950FCF80040DBC0 /* ResultExamTowViewController.h */,
				E0F832041950FCF80040DBC0 /* ResultExamTowViewController.m */,
			);
			path = QuizApp;
			sourceTree = "<group>";
		};
		E09EADE91946ABE1009BA115 /* Supporting Files */ = {
			isa = PBXGroup;
			children = (
				E09EADEA1946ABE1009BA115 /* QuizApp-Info.plist */,
				E09EADEB1946ABE1009BA115 /* InfoPlist.strings */,
				E09EADEE1946ABE1009BA115 /* main.m */,
				E09EADF01946ABE1009BA115 /* QuizApp-Prefix.pch */,
			);
			name = "Supporting Files";
			sourceTree = "<group>";
		};
		E09EAE071946ABE2009BA115 /* QuizAppTests */ = {
			isa = PBXGroup;
			children = (
				E09EAE0D1946ABE2009BA115 /* QuizAppTests.m */,
				E09EAE081946ABE2009BA115 /* Supporting Files */,
			);
			path = QuizAppTests;
			sourceTree = "<group>";
		};
		E09EAE081946ABE2009BA115 /* Supporting Files */ = {
			isa = PBXGroup;
			children = (
				E09EAE091946ABE2009BA115 /* QuizAppTests-Info.plist */,
				E09EAE0A1946ABE2009BA115 /* InfoPlist.strings */,
			);
			name = "Supporting Files";
			sourceTree = "<group>";
		};
		E09EAE1A1946C214009BA115 /* Model */ = {
			isa = PBXGroup;
			children = (
				E09EAE1B1946C240009BA115 /* UserInformation.h */,
				E09EAE1C1946C240009BA115 /* UserInformation.m */,
			);
			name = Model;
			sourceTree = "<group>";
		};
		E09EAE1E1946CAE5009BA115 /* images */ = {
			isa = PBXGroup;
			children = (
				E039AF03198E84E500E40B10 /* 5-Background-thinking-head-creative-transparent.png */,
				E039AF04198E84E500E40B10 /* background-businessman-thinking-concept-graphic-eps-31193747.jpg */,
				E094E01E19519E8B00CB390D /* icon_256.png */,
				E0F83208195113A80040DBC0 /* print.png */,
			);
			name = images;
			sourceTree = "<group>";
		};
		E0D499BE19470AAE0006C2B7 /* RadioButton */ = {
			isa = PBXGroup;
			children = (
				E08F7731198E64E1004E4608 /* check-mark-2.png */,
				E08F7732198E64E1004E4608 /* check-mark-3.png */,
				E0902428198E1F200090DEF8 /* checked.png */,
				E08F7733198E64E1004E4608 /* unuchecked.png */,
				E0D499B4194705060006C2B7 /* RadioButton.h */,
				E0D499B5194705060006C2B7 /* RadioButton.m */,
			);
			name = RadioButton;
			sourceTree = "<group>";
		};
/* End PBXGroup section */

/* Begin PBXNativeTarget section */
		E09EADDE1946ABE1009BA115 /* QuizApp */ = {
			isa = PBXNativeTarget;
			buildConfigurationList = E09EAE111946ABE2009BA115 /* Build configuration list for PBXNativeTarget "QuizApp" */;
			buildPhases = (
				E09EADDB1946ABE1009BA115 /* Sources */,
				E09EADDC1946ABE1009BA115 /* Frameworks */,
				E09EADDD1946ABE1009BA115 /* Resources */,
			);
			buildRules = (
			);
			dependencies = (
			);
			name = QuizApp;
			productName = QuizApp;
			productReference = E09EADDF1946ABE1009BA115 /* QuizApp.app */;
			productType = "com.apple.product-type.application";
		};
		E09EADFF1946ABE2009BA115 /* QuizAppTests */ = {
			isa = PBXNativeTarget;
			buildConfigurationList = E09EAE141946ABE2009BA115 /* Build configuration list for PBXNativeTarget "QuizAppTests" */;
			buildPhases = (
				E09EADFC1946ABE2009BA115 /* Sources */,
				E09EADFD1946ABE2009BA115 /* Frameworks */,
				E09EADFE1946ABE2009BA115 /* Resources */,
			);
			buildRules = (
			);
			dependencies = (
				E09EAE061946ABE2009BA115 /* PBXTargetDependency */,
			);
			name = QuizAppTests;
			productName = QuizAppTests;
			productReference = E09EAE001946ABE2009BA115 /* QuizAppTests.xctest */;
			productType = "com.apple.product-type.bundle.unit-test";
		};
/* End PBXNativeTarget section */

/* Begin PBXProject section */
		E09EADD71946ABE1009BA115 /* Project object */ = {
			isa = PBXProject;
			attributes = {
				LastUpgradeCheck = 0510;
				ORGANIZATIONNAME = "Faris Abu Saleem";
				TargetAttributes = {
					E09EADDE1946ABE1009BA115 = {
						DevelopmentTeam = CCF8JC7BYH;
					};
					E09EADFF1946ABE2009BA115 = {
						TestTargetID = E09EADDE1946ABE1009BA115;
					};
				};
			};
			buildConfigurationList = E09EADDA1946ABE1009BA115 /* Build configuration list for PBXProject "QuizApp" */;
			compatibilityVersion = "Xcode 3.2";
			developmentRegion = English;
			hasScannedForEncodings = 0;
			knownRegions = (
				en,
				Base,
			);
			mainGroup = E09EADD61946ABE1009BA115;
			productRefGroup = E09EADE01946ABE1009BA115 /* Products */;
			projectDirPath = "";
			projectRoot = "";
			targets = (
				E09EADDE1946ABE1009BA115 /* QuizApp */,
				E09EADFF1946ABE2009BA115 /* QuizAppTests */,
			);
		};
/* End PBXProject section */

/* Begin PBXResourcesBuildPhase section */
		E09EADDD1946ABE1009BA115 /* Resources */ = {
			isa = PBXResourcesBuildPhase;
			buildActionMask = 2147483647;
			files = (
				E08A4F3E1954D5B500BA4C38 /* ISTJ.html in Resources */,
				E09EADFB1946ABE1009BA115 /* Images.xcassets in Resources */,
				E08A4FA51954D7C300BA4C38 /* image002.jpg in Resources */,
				E08A4F3C1954D5B500BA4C38 /* ISFJ.html in Resources */,
				E08A4FB01954D7C300BA4C38 /* image013.jpg in Resources */,
				E08A4FAD1954D7C300BA4C38 /* image010.jpg in Resources */,
				E08A4F931954D73200BA4C38 /* style.css in Resources */,
				E08A4FA91954D7C300BA4C38 /* image006.jpg in Resources */,
				E08A4F361954D5B500BA4C38 /* ESTJ.html in Resources */,
				E08A4FB21954D7C300BA4C38 /* image015.jpg in Resources */,
				E08A4F341954D5B500BA4C38 /* ESFJ.html in Resources */,
				E08A4F321954D5B500BA4C38 /* ENTJ.html in Resources */,
				E039AF05198E84E500E40B10 /* 5-Background-thinking-head-creative-transparent.png in Resources */,
				E0F83209195113A80040DBC0 /* print.png in Resources */,
				E08B933819576C890076B69D /* Main_iphone.storyboard in Resources */,
				E0F83207195105D20040DBC0 /* userInfo.plist in Resources */,
				E08A4FB11954D7C300BA4C38 /* image014.jpg in Resources */,
				E08A4F301954D5B500BA4C38 /* ENFJ.html in Resources */,
				E08A4FAC1954D7C300BA4C38 /* image009.jpg in Resources */,
				E08A4F3B1954D5B500BA4C38 /* INTP.html in Resources */,
				E06A616219471E3700C81D18 /* Questions1.plist in Resources */,
				E08A4FA81954D7C300BA4C38 /* image005.jpg in Resources */,
				E08A4F311954D5B500BA4C38 /* ENFP.html in Resources */,
				E08A4F3F1954D5B500BA4C38 /* ISTP.html in Resources */,
				E09EADED1946ABE1009BA115 /* InfoPlist.strings in Resources */,
				E08A4F2F1954D5B500BA4C38 /* D.html in Resources */,
				E08A4FB31954D7C300BA4C38 /* image016.jpg in Resources */,
				E08A4F2C1954D5B500BA4C38 /* A.html in Resources */,
				E08A4F3A1954D5B500BA4C38 /* INTJ.html in Resources */,
				E08F7736198E64E1004E4608 /* unuchecked.png in Resources */,
				E08A4FAF1954D7C300BA4C38 /* image012.jpg in Resources */,
				E0902429198E1F200090DEF8 /* checked.png in Resources */,
				E08F7735198E64E1004E4608 /* check-mark-3.png in Resources */,
				E039AF06198E84E500E40B10 /* background-businessman-thinking-concept-graphic-eps-31193747.jpg in Resources */,
				E08A4FA71954D7C300BA4C38 /* image004.jpg in Resources */,
				E08A4F381954D5B500BA4C38 /* INFJ.html in Resources */,
				E08A4F3D1954D5B500BA4C38 /* ISFP.html in Resources */,
				E08A4FAE1954D7C300BA4C38 /* image011.jpg in Resources */,
				E08A4F331954D5B500BA4C38 /* ENTP.html in Resources */,
				E0D9FE29194FB46E001DAB2E /* QuestionTow.plist in Resources */,
				E08A4FA61954D7C300BA4C38 /* image003.jpg in Resources */,
				E08A4F391954D5B500BA4C38 /* INFP.html in Resources */,
				E08A4FAB1954D7C300BA4C38 /* image008.jpg in Resources */,
				E094E01F19519E8B00CB390D /* icon_256.png in Resources */,
				E08F7734198E64E1004E4608 /* check-mark-2.png in Resources */,
				E08A4F2D1954D5B500BA4C38 /* B.html in Resources */,
				E08A4FAA1954D7C300BA4C38 /* image007.jpg in Resources */,
				E09EADF61946ABE1009BA115 /* Main.storyboard in Resources */,
				E08A4F351954D5B500BA4C38 /* ESFP.html in Resources */,
				E08A4FA41954D7C300BA4C38 /* image001.jpg in Resources */,
				E08A4F371954D5B500BA4C38 /* ESTP.html in Resources */,
				E08A4F2E1954D5B500BA4C38 /* C.html in Resources */,
			);
			runOnlyForDeploymentPostprocessing = 0;
		};
		E09EADFE1946ABE2009BA115 /* Resources */ = {
			isa = PBXResourcesBuildPhase;
			buildActionMask = 2147483647;
			files = (
				E09EAE0C1946ABE2009BA115 /* InfoPlist.strings in Resources */,
			);
			runOnlyForDeploymentPostprocessing = 0;
		};
/* End PBXResourcesBuildPhase section */

/* Begin PBXSourcesBuildPhase section */
		E09EADDB1946ABE1009BA115 /* Sources */ = {
			isa = PBXSourcesBuildPhase;
			buildActionMask = 2147483647;
			files = (
				E0F832051950FCF80040DBC0 /* ResultExamTowViewController.m in Sources */,
				E0886D97194DAA6100D3A231 /* ResultExam1ViewController.m in Sources */,
				E09EADF91946ABE1009BA115 /* ViewController.m in Sources */,
				E09EAE1D1946C240009BA115 /* UserInformation.m in Sources */,
				E0D9FE24194FA6A6001DAB2E /* ExamTypeViewController.m in Sources */,
				E09EADF31946ABE1009BA115 /* AppDelegate.m in Sources */,
				E09EAE231946D368009BA115 /* Exam1QuestionsViewController.m in Sources */,
				E0D9FE27194FB2E9001DAB2E /* ExamTowViewController.m in Sources */,
				E09EADEF1946ABE1009BA115 /* main.m in Sources */,
				E09EAE191946BD00009BA115 /* Exam1ViewController.m in Sources */,
				E0D499B8194705060006C2B7 /* RadioButton.m in Sources */,
			);
			runOnlyForDeploymentPostprocessing = 0;
		};
		E09EADFC1946ABE2009BA115 /* Sources */ = {
			isa = PBXSourcesBuildPhase;
			buildActionMask = 2147483647;
			files = (
				E09EAE0E1946ABE2009BA115 /* QuizAppTests.m in Sources */,
			);
			runOnlyForDeploymentPostprocessing = 0;
		};
/* End PBXSourcesBuildPhase section */

/* Begin PBXTargetDependency section */
		E09EAE061946ABE2009BA115 /* PBXTargetDependency */ = {
			isa = PBXTargetDependency;
			target = E09EADDE1946ABE1009BA115 /* QuizApp */;
			targetProxy = E09EAE051946ABE2009BA115 /* PBXContainerItemProxy */;
		};
/* End PBXTargetDependency section */

/* Begin PBXVariantGroup section */
		E09EADEB1946ABE1009BA115 /* InfoPlist.strings */ = {
			isa = PBXVariantGroup;
			children = (
				E09EADEC1946ABE1009BA115 /* en */,
			);
			name = InfoPlist.strings;
			sourceTree = "<group>";
		};
		E09EADF41946ABE1009BA115 /* Main.storyboard */ = {
			isa = PBXVariantGroup;
			children = (
				E09EADF51946ABE1009BA115 /* Base */,
				E08B933619576BF40076B69D /* en */,
			);
			name = Main.storyboard;
			sourceTree = "<group>";
		};
		E09EAE0A1946ABE2009BA115 /* InfoPlist.strings */ = {
			isa = PBXVariantGroup;
			children = (
				E09EAE0B1946ABE2009BA115 /* en */,
			);
			name = InfoPlist.strings;
			sourceTree = "<group>";
		};
/* End PBXVariantGroup section */

/* Begin XCBuildConfiguration section */
		E09EAE0F1946ABE2009BA115 /* Debug */ = {
			isa = XCBuildConfiguration;
			buildSettings = {
				ALWAYS_SEARCH_USER_PATHS = NO;
				CLANG_CXX_LANGUAGE_STANDARD = "gnu++0x";
				CLANG_CXX_LIBRARY = "libc++";
				CLANG_ENABLE_MODULES = YES;
				CLANG_ENABLE_OBJC_ARC = YES;
				CLANG_WARN_BOOL_CONVERSION = YES;
				CLANG_WARN_CONSTANT_CONVERSION = YES;
				CLANG_WARN_DIRECT_OBJC_ISA_USAGE = YES_ERROR;
				CLANG_WARN_EMPTY_BODY = YES;
				CLANG_WARN_ENUM_CONVERSION = YES;
				CLANG_WARN_INT_CONVERSION = YES;
				CLANG_WARN_OBJC_ROOT_CLASS = YES_ERROR;
				CLANG_WARN__DUPLICATE_METHOD_MATCH = YES;
				"CODE_SIGN_IDENTITY[sdk=iphoneos*]" = "iPhone Developer";
				COPY_PHASE_STRIP = NO;
				GCC_C_LANGUAGE_STANDARD = gnu99;
				GCC_DYNAMIC_NO_PIC = NO;
				GCC_OPTIMIZATION_LEVEL = 0;
				GCC_PREPROCESSOR_DEFINITIONS = (
					"DEBUG=1",
					"$(inherited)",
				);
				GCC_SYMBOLS_PRIVATE_EXTERN = NO;
				GCC_WARN_64_TO_32_BIT_CONVERSION = YES;
				GCC_WARN_ABOUT_RETURN_TYPE = YES_ERROR;
				GCC_WARN_UNDECLARED_SELECTOR = YES;
				GCC_WARN_UNINITIALIZED_AUTOS = YES;
				GCC_WARN_UNUSED_FUNCTION = YES;
				GCC_WARN_UNUSED_VARIABLE = YES;
				IPHONEOS_DEPLOYMENT_TARGET = 7.0;
				ONLY_ACTIVE_ARCH = NO;
				PROVISIONING_PROFILE = "C4BD4F42-3A71-4530-BD37-6620B09A436A";
				SDKROOT = iphoneos7.1;
				TARGETED_DEVICE_FAMILY = "1,2";
			};
			name = Debug;
		};
		E09EAE101946ABE2009BA115 /* Release */ = {
			isa = XCBuildConfiguration;
			buildSettings = {
				ALWAYS_SEARCH_USER_PATHS = NO;
				CLANG_CXX_LANGUAGE_STANDARD = "gnu++0x";
				CLANG_CXX_LIBRARY = "libc++";
				CLANG_ENABLE_MODULES = YES;
				CLANG_ENABLE_OBJC_ARC = YES;
				CLANG_WARN_BOOL_CONVERSION = YES;
				CLANG_WARN_CONSTANT_CONVERSION = YES;
				CLANG_WARN_DIRECT_OBJC_ISA_USAGE = YES_ERROR;
				CLANG_WARN_EMPTY_BODY = YES;
				CLANG_WARN_ENUM_CONVERSION = YES;
				CLANG_WARN_INT_CONVERSION = YES;
				CLANG_WARN_OBJC_ROOT_CLASS = YES_ERROR;
				CLANG_WARN__DUPLICATE_METHOD_MATCH = YES;
				"CODE_SIGN_IDENTITY[sdk=iphoneos*]" = "iPhone Developer";
				COPY_PHASE_STRIP = NO;
				ENABLE_NS_ASSERTIONS = NO;
				GCC_C_LANGUAGE_STANDARD = gnu99;
				GCC_WARN_64_TO_32_BIT_CONVERSION = YES;
				GCC_WARN_ABOUT_RETURN_TYPE = YES_ERROR;
				GCC_WARN_UNDECLARED_SELECTOR = YES;
				GCC_WARN_UNINITIALIZED_AUTOS = YES;
				GCC_WARN_UNUSED_FUNCTION = YES;
				GCC_WARN_UNUSED_VARIABLE = YES;
				IPHONEOS_DEPLOYMENT_TARGET = 7.0;
				PROVISIONING_PROFILE = "C4BD4F42-3A71-4530-BD37-6620B09A436A";
				SDKROOT = iphoneos7.1;
				TARGETED_DEVICE_FAMILY = "1,2";
				VALIDATE_PRODUCT = NO;
			};
			name = Release;
		};
		E09EAE121946ABE2009BA115 /* Debug */ = {
			isa = XCBuildConfiguration;
			buildSettings = {
				ASSETCATALOG_COMPILER_APPICON_NAME = AppIcon;
				ASSETCATALOG_COMPILER_LAUNCHIMAGE_NAME = LaunchImage;
				CODE_SIGN_IDENTITY = "iPhone Developer";
				"CODE_SIGN_IDENTITY[sdk=iphoneos*]" = "iPhone Developer";
				GCC_PRECOMPILE_PREFIX_HEADER = YES;
				GCC_PREFIX_HEADER = "QuizApp/QuizApp-Prefix.pch";
				INFOPLIST_FILE = "QuizApp/QuizApp-Info.plist";
				IPHONEOS_DEPLOYMENT_TARGET = 6.1;
				PRODUCT_NAME = "$(TARGET_NAME)";
				PROVISIONING_PROFILE = "DB3680A0-D6DB-44B7-B618-A619A0E06AA8";
				TARGETED_DEVICE_FAMILY = 1;
				WRAPPER_EXTENSION = app;
			};
			name = Debug;
		};
		E09EAE131946ABE2009BA115 /* Release */ = {
			isa = XCBuildConfiguration;
			buildSettings = {
				ASSETCATALOG_COMPILER_APPICON_NAME = AppIcon;
				ASSETCATALOG_COMPILER_LAUNCHIMAGE_NAME = LaunchImage;
				CODE_SIGN_IDENTITY = "iPhone Developer";
				"CODE_SIGN_IDENTITY[sdk=iphoneos*]" = "iPhone Developer";
				GCC_PRECOMPILE_PREFIX_HEADER = YES;
				GCC_PREFIX_HEADER = "QuizApp/QuizApp-Prefix.pch";
				INFOPLIST_FILE = "QuizApp/QuizApp-Info.plist";
				IPHONEOS_DEPLOYMENT_TARGET = 6.1;
				PRODUCT_NAME = "$(TARGET_NAME)";
				PROVISIONING_PROFILE = "DB3680A0-D6DB-44B7-B618-A619A0E06AA8";
				TARGETED_DEVICE_FAMILY = 1;
				WRAPPER_EXTENSION = app;
			};
			name = Release;
		};
		E09EAE151946ABE2009BA115 /* Debug */ = {
			isa = XCBuildConfiguration;
			buildSettings = {
				BUNDLE_LOADER = "$(BUILT_PRODUCTS_DIR)/QuizApp.app/QuizApp";
				FRAMEWORK_SEARCH_PATHS = (
					"$(SDKROOT)/Developer/Library/Frameworks",
					"$(inherited)",
					"$(DEVELOPER_FRAMEWORKS_DIR)",
				);
				GCC_PRECOMPILE_PREFIX_HEADER = YES;
				GCC_PREFIX_HEADER = "QuizApp/QuizApp-Prefix.pch";
				GCC_PREPROCESSOR_DEFINITIONS = (
					"DEBUG=1",
					"$(inherited)",
				);
				INFOPLIST_FILE = "QuizAppTests/QuizAppTests-Info.plist";
				PRODUCT_NAME = "$(TARGET_NAME)";
				TEST_HOST = "$(BUNDLE_LOADER)";
				WRAPPER_EXTENSION = xctest;
			};
			name = Debug;
		};
		E09EAE161946ABE2009BA115 /* Release */ = {
			isa = XCBuildConfiguration;
			buildSettings = {
				BUNDLE_LOADER = "$(BUILT_PRODUCTS_DIR)/QuizApp.app/QuizApp";
				FRAMEWORK_SEARCH_PATHS = (
					"$(SDKROOT)/Developer/Library/Frameworks",
					"$(inherited)",
					"$(DEVELOPER_FRAMEWORKS_DIR)",
				);
				GCC_PRECOMPILE_PREFIX_HEADER = YES;
				GCC_PREFIX_HEADER = "QuizApp/QuizApp-Prefix.pch";
				INFOPLIST_FILE = "QuizAppTests/QuizAppTests-Info.plist";
				PRODUCT_NAME = "$(TARGET_NAME)";
				TEST_HOST = "$(BUNDLE_LOADER)";
				WRAPPER_EXTENSION = xctest;
			};
			name = Release;
		};
/* End XCBuildConfiguration section */

/* Begin XCConfigurationList section */
		E09EADDA1946ABE1009BA115 /* Build configuration list for PBXProject "QuizApp" */ = {
			isa = XCConfigurationList;
			buildConfigurations = (
				E09EAE0F1946ABE2009BA115 /* Debug */,
				E09EAE101946ABE2009BA115 /* Release */,
			);
			defaultConfigurationIsVisible = 0;
			defaultConfigurationName = Release;
		};
		E09EAE111946ABE2009BA115 /* Build configuration list for PBXNativeTarget "QuizApp" */ = {
			isa = XCConfigurationList;
			buildConfigurations = (
				E09EAE121946ABE2009BA115 /* Debug */,
				E09EAE131946ABE2009BA115 /* Release */,
			);
			defaultConfigurationIsVisible = 0;
			defaultConfigurationName = Release;
		};
		E09EAE141946ABE2009BA115 /* Build configuration list for PBXNativeTarget "QuizAppTests" */ = {
			isa = XCConfigurationList;
			buildConfigurations = (
				E09EAE151946ABE2009BA115 /* Debug */,
				E09EAE161946ABE2009BA115 /* Release */,
			);
			defaultConfigurationIsVisible = 0;
			defaultConfigurationName = Release;
		};
/* End XCConfigurationList section */
	};
	rootObject = E09EADD71946ABE1009BA115 /* Project object */;
}
