// !$*UTF8*$!
{
	archiveVersion = 1;
	classes = {
	};
	objectVersion = 46;
	objects = {

/* Begin PBXBuildFile section */
		E09EADE31946ABE1009BA115 /* Foundation.framework in Frameworks */ = {isa = PBXBuildFile; fileRef = E09EADE21946ABE1009BA115 /* Foundation.framework */; };
		E09EADE51946ABE1009BA115 /* CoreGraphics.framework in Frameworks */ = {isa = PBXBuildFile; fileRef = E09EADE41946ABE1009BA115 /* CoreGraphics.framework */; };
		E09EADE71946ABE1009BA115 /* UIKit.framework in Frameworks */ = {isa = PBXBuildFile; fileRef = E09EADE61946ABE1009BA115 /* UIKit.framework */; };
		E09EADED1946ABE1009BA115 /* InfoPlist.strings in Resources */ = {isa = PBXBuildFile; fileRef = E09EADEB1946ABE1009BA115 /* InfoPlist.strings */; };
		E09EADEF1946ABE1009BA115 /* main.m in Sources */ = {isa = PBXBuildFile; fileRef = E09EADEE1946ABE1009BA115 /* main.m */; };
		E09EADF31946ABE1009BA115 /* AppDelegate.m in Sources */ = {isa = PBXBuildFile; fileRef = E09EADF21946ABE1009BA115 /* AppDelegate.m */; };
		E09EADF61946ABE1009BA115 /* Main.storyboard in Resources */ = {isa = PBXBuildFile; fileRef = E09EADF41946ABE1009BA115 /* Main.storyboard */; };
		E09EADF91946ABE1009BA115 /* ViewController.m in Sources */ = {isa = PBXBuildFile; fileRef = E09EADF81946ABE1009BA115 /* ViewController.m */; };
		E09EADFB1946ABE1009BA115 /* Images.xcassets in Resources */ = {isa = PBXBuildFile; fileRef = E09EADFA1946ABE1009BA115 /* Images.xcassets */; };
		E09EAE021946ABE2009BA115 /* XCTest.framework in Frameworks */ = {isa = PBXBuildFile; fileRef = E09EAE011946ABE2009BA115 /* XCTest.framework */; };
		E09EAE031946ABE2009BA115 /* Foundation.framework in Frameworks */ = {isa = PBXBuildFile; fileRef = E09EADE21946ABE1009BA115 /* Foundation.framework */; };
		E09EAE041946ABE2009BA115 /* UIKit.framework in Frameworks */ = {isa = PBXBuildFile; fileRef = E09EADE61946ABE1009BA115 /* UIKit.framework */; };
		E09EAE0C1946ABE2009BA115 /* InfoPlist.strings in Resources */ = {isa = PBXBuildFile; fileRef = E09EAE0A1946ABE2009BA115 /* InfoPlist.strings */; };
		E09EAE0E1946ABE2009BA115 /* QuizAppTests.m in Sources */ = {isa = PBXBuildFile; fileRef = E09EAE0D1946ABE2009BA115 /* QuizAppTests.m */; };
/* End PBXBuildFile section */

/* Begin PBXContainerItemProxy section */
		E09EAE051946ABE2009BA115 /* PBXContainerItemProxy */ = {
			isa = PBXContainerItemProxy;
			containerPortal = E09EADD71946ABE1009BA115 /* Project object */;
			proxyType = 1;
			remoteGlobalIDString = E09EADDE1946ABE1009BA115;
			remoteInfo = QuizApp;
		};
/* End PBXContainerItemProxy section */

/* Begin PBXFileReference section */
		E09EADDF1946ABE1009BA115 /* QuizApp.app */ = {isa = PBXFileReference; explicitFileType = wrapper.application; includeInIndex = 0; path = QuizApp.app; sourceTree = BUILT_PRODUCTS_DIR; };
		E09EADE21946ABE1009BA115 /* Foundation.framework */ = {isa = PBXFileReference; lastKnownFileType = wrapper.framework; name = Foundation.framework; path = System/Library/Frameworks/Foundation.framework; sourceTree = SDKROOT; };
		E09EADE41946ABE1009BA115 /* CoreGraphics.framework */ = {isa = PBXFileReference; lastKnownFileType = wrapper.framework; name = CoreGraphics.framework; path = System/Library/Frameworks/CoreGraphics.framework; sourceTree = SDKROOT; };
		E09EADE61946ABE1009BA115 /* UIKit.framework */ = {isa = PBXFileReference; lastKnownFileType = wrapper.framework; name = UIKit.framework; path = System/Library/Frameworks/UIKit.framework; sourceTree = SDKROOT; };
		E09EADEA1946ABE1009BA115 /* QuizApp-Info.plist */ = {isa = PBXFileReference; lastKnownFileType = text.plist.xml; path = "QuizApp-Info.plist"; sourceTree = "<group>"; };
		E09EADEC1946ABE1009BA115 /* en */ = {isa = PBXFileReference; lastKnownFileType = text.plist.strings; name = en; path = en.lproj/InfoPlist.strings; sourceTree = "<group>"; };
		E09EADEE1946ABE1009BA115 /* main.m */ = {isa = PBXFileReference; lastKnownFileType = sourcecode.c.objc; path = main.m; sourceTree = "<group>"; };
		E09EADF01946ABE1009BA115 /* QuizApp-Prefix.pch */ = {isa = PBXFileReference; lastKnownFileType = sourcecode.c.h; path = "QuizApp-Prefix.pch"; sourceTree = "<group>"; };
		E09EADF11946ABE1009BA115 /* AppDelegate.h */ = {isa = PBXFileReference; lastKnownFileType = sourcecode.c.h; path = AppDelegate.h; sourceTree = "<group>"; };
		E09EADF21946ABE1009BA115 /* AppDelegate.m */ = {isa = PBXFileReference; lastKnownFileType = sourcecode.c.objc; path = AppDelegate.m; sourceTree = "<group>"; };
		E09EADF51946ABE1009BA115 /* Base */ = {isa = PBXFileReference; lastKnownFileType = file.storyboard; name = Base; path = Base.lproj/Main.storyboard; sourceTree = "<group>"; };
		E09EADF71946ABE1009BA115 /* ViewController.h */ = {isa = PBXFileReference; lastKnownFileType = sourcecode.c.h; path = ViewController.h; sourceTree = "<group>"; };
		E09EADF81946ABE1009BA115 /* ViewController.m */ = {isa = PBXFileReference; lastKnownFileType = sourcecode.c.objc; path = ViewController.m; sourceTree = "<group>"; };
		E09EADFA1946ABE1009BA115 /* Images.xcassets */ = {isa = PBXFileReference; lastKnownFileType = folder.assetcatalog; path = Images.xcassets; sourceTree = "<group>"; };
		E09EAE001946ABE2009BA115 /* QuizAppTests.xctest */ = {isa = PBXFileReference; explicitFileType = wrapper.cfbundle; includeInIndex = 0; path = QuizAppTests.xctest; sourceTree = BUILT_PRODUCTS_DIR; };
		E09EAE011946ABE2009BA115 /* XCTest.framework */ = {isa = PBXFileReference; lastKnownFileType = wrapper.framework; name = XCTest.framework; path = Library/Frameworks/XCTest.framework; sourceTree = DEVELOPER_DIR; };
		E09EAE091946ABE2009BA115 /* QuizAppTests-Info.plist */ = {isa = PBXFileReference; lastKnownFileType = text.plist.xml; path = "QuizAppTests-Info.plist"; sourceTree = "<group>"; };
		E09EAE0B1946ABE2009BA115 /* en */ = {isa = PBXFileReference; lastKnownFileType = text.plist.strings; name = en; path = en.lproj/InfoPlist.strings; sourceTree = "<group>"; };
		E09EAE0D1946ABE2009BA115 /* QuizAppTests.m */ = {isa = PBXFileReference; lastKnownFileType = sourcecode.c.objc; path = QuizAppTests.m; sourceTree = "<group>"; };
/* End PBXFileReference section */

/* Begin PBXFrameworksBuildPhase section */
		E09EADDC1946ABE1009BA115 /* Frameworks */ = {
			isa = PBXFrameworksBuildPhase;
			buildActionMask = 2147483647;
			files = (
				E09EADE51946ABE1009BA115 /* CoreGraphics.framework in Frameworks */,
				E09EADE71946ABE1009BA115 /* UIKit.framework in Frameworks */,
				E09EADE31946ABE1009BA115 /* Foundation.framework in Frameworks */,
			);
			runOnlyForDeploymentPostprocessing = 0;
		};
		E09EADFD1946ABE2009BA115 /* Frameworks */ = {
			isa = PBXFrameworksBuildPhase;
			buildActionMask = 2147483647;
			files = (
				E09EAE021946ABE2009BA115 /* XCTest.framework in Frameworks */,
				E09EAE041946ABE2009BA115 /* UIKit.framework in Frameworks */,
				E09EAE031946ABE2009BA115 /* Foundation.framework in Frameworks */,
			);
			runOnlyForDeploymentPostprocessing = 0;
		};
/* End PBXFrameworksBuildPhase section */

/* Begin PBXGroup section */
		E09EADD61946ABE1009BA115 = {
			isa = PBXGroup;
			children = (
				E09EADE81946ABE1009BA115 /* QuizApp */,
				E09EAE071946ABE2009BA115 /* QuizAppTests */,
				E09EADE11946ABE1009BA115 /* Frameworks */,
				E09EADE01946ABE1009BA115 /* Products */,
			);
			sourceTree = "<group>";
		};
		E09EADE01946ABE1009BA115 /* Products */ = {
			isa = PBXGroup;
			children = (
				E09EADDF1946ABE1009BA115 /* QuizApp.app */,
				E09EAE001946ABE2009BA115 /* QuizAppTests.xctest */,
			);
			name = Products;
			sourceTree = "<group>";
		};
		E09EADE11946ABE1009BA115 /* Frameworks */ = {
			isa = PBXGroup;
			children = (
				E09EADE21946ABE1009BA115 /* Foundation.framework */,
				E09EADE41946ABE1009BA115 /* CoreGraphics.framework */,
				E09EADE61946ABE1009BA115 /* UIKit.framework */,
				E09EAE011946ABE2009BA115 /* XCTest.framework */,
			);
			name = Frameworks;
			sourceTree = "<group>";
		};
		E09EADE81946ABE1009BA115 /* QuizApp */ = {
			isa = PBXGroup;
			children = (
				E09EADF11946ABE1009BA115 /* AppDelegate.h */,
				E09EADF21946ABE1009BA115 /* AppDelegate.m */,
				E09EADF41946ABE1009BA115 /* Main.storyboard */,
				E09EADF71946ABE1009BA115 /* ViewController.h */,
				E09EADF81946ABE1009BA115 /* ViewController.m */,
				E09EADFA1946ABE1009BA115 /* Images.xcassets */,
				E09EADE91946ABE1009BA115 /* Supporting Files */,
			);
			path = QuizApp;
			sourceTree = "<group>";
		};
		E09EADE91946ABE1009BA115 /* Supporting Files */ = {
			isa = PBXGroup;
			children = (
				E09EADEA1946ABE1009BA115 /* QuizApp-Info.plist */,
				E09EADEB1946ABE1009BA115 /* InfoPlist.strings */,
				E09EADEE1946ABE1009BA115 /* main.m */,
				E09EADF01946ABE1009BA115 /* QuizApp-Prefix.pch */,
			);
			name = "Supporting Files";
			sourceTree = "<group>";
		};
		E09EAE071946ABE2009BA115 /* QuizAppTests */ = {
			isa = PBXGroup;
			children = (
				E09EAE0D1946ABE2009BA115 /* QuizAppTests.m */,
				E09EAE081946ABE2009BA115 /* Supporting Files */,
			);
			path = QuizAppTests;
			sourceTree = "<group>";
		};
		E09EAE081946ABE2009BA115 /* Supporting Files */ = {
			isa = PBXGroup;
			children = (
				E09EAE091946ABE2009BA115 /* QuizAppTests-Info.plist */,
				E09EAE0A1946ABE2009BA115 /* InfoPlist.strings */,
			);
			name = "Supporting Files";
			sourceTree = "<group>";
		};
/* End PBXGroup section */

/* Begin PBXNativeTarget section */
		E09EADDE1946ABE1009BA115 /* QuizApp */ = {
			isa = PBXNativeTarget;
			buildConfigurationList = E09EAE111946ABE2009BA115 /* Build configuration list for PBXNativeTarget "QuizApp" */;
			buildPhases = (
				E09EADDB1946ABE1009BA115 /* Sources */,
				E09EADDC1946ABE1009BA115 /* Frameworks */,
				E09EADDD1946ABE1009BA115 /* Resources */,
			);
			buildRules = (
			);
			dependencies = (
			);
			name = QuizApp;
			productName = QuizApp;
			productReference = E09EADDF1946ABE1009BA115 /* QuizApp.app */;
			productType = "com.apple.product-type.application";
		};
		E09EADFF1946ABE2009BA115 /* QuizAppTests */ = {
			isa = PBXNativeTarget;
			buildConfigurationList = E09EAE141946ABE2009BA115 /* Build configuration list for PBXNativeTarget "QuizAppTests" */;
			buildPhases = (
				E09EADFC1946ABE2009BA115 /* Sources */,
				E09EADFD1946ABE2009BA115 /* Frameworks */,
				E09EADFE1946ABE2009BA115 /* Resources */,
			);
			buildRules = (
			);
			dependencies = (
				E09EAE061946ABE2009BA115 /* PBXTargetDependency */,
			);
			name = QuizAppTests;
			productName = QuizAppTests;
			productReference = E09EAE001946ABE2009BA115 /* QuizAppTests.xctest */;
			productType = "com.apple.product-type.bundle.unit-test";
		};
/* End PBXNativeTarget section */

/* Begin PBXProject section */
		E09EADD71946ABE1009BA115 /* Project object */ = {
			isa = PBXProject;
			attributes = {
				LastUpgradeCheck = 0500;
				ORGANIZATIONNAME = "Faris Abu Saleem";
				TargetAttributes = {
					E09EADFF1946ABE2009BA115 = {
						TestTargetID = E09EADDE1946ABE1009BA115;
					};
				};
			};
			buildConfigurationList = E09EADDA1946ABE1009BA115 /* Build configuration list for PBXProject "QuizApp" */;
			compatibilityVersion = "Xcode 3.2";
			developmentRegion = English;
			hasScannedForEncodings = 0;
			knownRegions = (
				en,
				Base,
			);
			mainGroup = E09EADD61946ABE1009BA115;
			productRefGroup = E09EADE01946ABE1009BA115 /* Products */;
			projectDirPath = "";
			projectRoot = "";
			targets = (
				E09EADDE1946ABE1009BA115 /* QuizApp */,
				E09EADFF1946ABE2009BA115 /* QuizAppTests */,
			);
		};
/* End PBXProject section */

/* Begin PBXResourcesBuildPhase section */
		E09EADDD1946ABE1009BA115 /* Resources */ = {
			isa = PBXResourcesBuildPhase;
			buildActionMask = 2147483647;
			files = (
				E09EADFB1946ABE1009BA115 /* Images.xcassets in Resources */,
				E09EADED1946ABE1009BA115 /* InfoPlist.strings in Resources */,
				E09EADF61946ABE1009BA115 /* Main.storyboard in Resources */,
			);
			runOnlyForDeploymentPostprocessing = 0;
		};
		E09EADFE1946ABE2009BA115 /* Resources */ = {
			isa = PBXResourcesBuildPhase;
			buildActionMask = 2147483647;
			files = (
				E09EAE0C1946ABE2009BA115 /* InfoPlist.strings in Resources */,
			);
			runOnlyForDeploymentPostprocessing = 0;
		};
/* End PBXResourcesBuildPhase section */

/* Begin PBXSourcesBuildPhase section */
		E09EADDB1946ABE1009BA115 /* Sources */ = {
			isa = PBXSourcesBuildPhase;
			buildActionMask = 2147483647;
			files = (
				E09EADF91946ABE1009BA115 /* ViewController.m in Sources */,
				E09EADF31946ABE1009BA115 /* AppDelegate.m in Sources */,
				E09EADEF1946ABE1009BA115 /* main.m in Sources */,
			);
			runOnlyForDeploymentPostprocessing = 0;
		};
		E09EADFC1946ABE2009BA115 /* Sources */ = {
			isa = PBXSourcesBuildPhase;
			buildActionMask = 2147483647;
			files = (
				E09EAE0E1946ABE2009BA115 /* QuizAppTests.m in Sources */,
			);
			runOnlyForDeploymentPostprocessing = 0;
		};
/* End PBXSourcesBuildPhase section */

/* Begin PBXTargetDependency section */
		E09EAE061946ABE2009BA115 /* PBXTargetDependency */ = {
			isa = PBXTargetDependency;
			target = E09EADDE1946ABE1009BA115 /* QuizApp */;
			targetProxy = E09EAE051946ABE2009BA115 /* PBXContainerItemProxy */;
		};
/* End PBXTargetDependency section */

/* Begin PBXVariantGroup section */
		E09EADEB1946ABE1009BA115 /* InfoPlist.strings */ = {
			isa = PBXVariantGroup;
			children = (
				E09EADEC1946ABE1009BA115 /* en */,
			);
			name = InfoPlist.strings;
			sourceTree = "<group>";
		};
		E09EADF41946ABE1009BA115 /* Main.storyboard */ = {
			isa = PBXVariantGroup;
			children = (
				E09EADF51946ABE1009BA115 /* Base */,
			);
			name = Main.storyboard;
			sourceTree = "<group>";
		};
		E09EAE0A1946ABE2009BA115 /* InfoPlist.strings */ = {
			isa = PBXVariantGroup;
			children = (
				E09EAE0B1946ABE2009BA115 /* en */,
			);
			name = InfoPlist.strings;
			sourceTree = "<group>";
		};
/* End PBXVariantGroup section */

/* Begin XCBuildConfiguration section */
		E09EAE0F1946ABE2009BA115 /* Debug */ = {
			isa = XCBuildConfiguration;
			buildSettings = {
				ALWAYS_SEARCH_USER_PATHS = NO;
				ARCHS = "$(ARCHS_STANDARD_INCLUDING_64_BIT)";
				CLANG_CXX_LANGUAGE_STANDARD = "gnu++0x";
				CLANG_CXX_LIBRARY = "libc++";
				CLANG_ENABLE_MODULES = YES;
				CLANG_ENABLE_OBJC_ARC = YES;
				CLANG_WARN_BOOL_CONVERSION = YES;
				CLANG_WARN_CONSTANT_CONVERSION = YES;
				CLANG_WARN_DIRECT_OBJC_ISA_USAGE = YES_ERROR;
				CLANG_WARN_EMPTY_BODY = YES;
				CLANG_WARN_ENUM_CONVERSION = YES;
				CLANG_WARN_INT_CONVERSION = YES;
				CLANG_WARN_OBJC_ROOT_CLASS = YES_ERROR;
				CLANG_WARN__DUPLICATE_METHOD_MATCH = YES;
				"CODE_SIGN_IDENTITY[sdk=iphoneos*]" = "iPhone Developer";
				COPY_PHASE_STRIP = NO;
				GCC_C_LANGUAGE_STANDARD = gnu99;
				GCC_DYNAMIC_NO_PIC = NO;
				GCC_OPTIMIZATION_LEVEL = 0;
				GCC_PREPROCESSOR_DEFINITIONS = (
					"DEBUG=1",
					"$(inherited)",
				);
				GCC_SYMBOLS_PRIVATE_EXTERN = NO;
				GCC_WARN_64_TO_32_BIT_CONVERSION = YES;
				GCC_WARN_ABOUT_RETURN_TYPE = YES_ERROR;
				GCC_WARN_UNDECLARED_SELECTOR = YES;
				GCC_WARN_UNINITIALIZED_AUTOS = YES;
				GCC_WARN_UNUSED_FUNCTION = YES;
				GCC_WARN_UNUSED_VARIABLE = YES;
				IPHONEOS_DEPLOYMENT_TARGET = 7.0;
				ONLY_ACTIVE_ARCH = YES;
				SDKROOT = iphoneos;
				TARGETED_DEVICE_FAMILY = 2;
			};
			name = Debug;
		};
		E09EAE101946ABE2009BA115 /* Release */ = {
			isa = XCBuildConfiguration;
			buildSettings = {
				ALWAYS_SEARCH_USER_PATHS = NO;
				ARCHS = "$(ARCHS_STANDARD_INCLUDING_64_BIT)";
				CLANG_CXX_LANGUAGE_STANDARD = "gnu++0x";
				CLANG_CXX_LIBRARY = "libc++";
				CLANG_ENABLE_MODULES = YES;
				CLANG_ENABLE_OBJC_ARC = YES;
				CLANG_WARN_BOOL_CONVERSION = YES;
				CLANG_WARN_CONSTANT_CONVERSION = YES;
				CLANG_WARN_DIRECT_OBJC_ISA_USAGE = YES_ERROR;
				CLANG_WARN_EMPTY_BODY = YES;
				CLANG_WARN_ENUM_CONVERSION = YES;
				CLANG_WARN_INT_CONVERSION = YES;
				CLANG_WARN_OBJC_ROOT_CLASS = YES_ERROR;
				CLANG_WARN__DUPLICATE_METHOD_MATCH = YES;
				"CODE_SIGN_IDENTITY[sdk=iphoneos*]" = "iPhone Developer";
				COPY_PHASE_STRIP = YES;
				ENABLE_NS_ASSERTIONS = NO;
				GCC_C_LANGUAGE_STANDARD = gnu99;
				GCC_WARN_64_TO_32_BIT_CONVERSION = YES;
				GCC_WARN_ABOUT_RETURN_TYPE = YES_ERROR;
				GCC_WARN_UNDECLARED_SELECTOR = YES;
				GCC_WARN_UNINITIALIZED_AUTOS = YES;
				GCC_WARN_UNUSED_FUNCTION = YES;
				GCC_WARN_UNUSED_VARIABLE = YES;
				IPHONEOS_DEPLOYMENT_TARGET = 7.0;
				SDKROOT = iphoneos;
				TARGETED_DEVICE_FAMILY = 2;
				VALIDATE_PRODUCT = YES;
			};
			name = Release;
		};
		E09EAE121946ABE2009BA115 /* Debug */ = {
			isa = XCBuildConfiguration;
			buildSettings = {
				ASSETCATALOG_COMPILER_APPICON_NAME = AppIcon;
				ASSETCATALOG_COMPILER_LAUNCHIMAGE_NAME = LaunchImage;
				GCC_PRECOMPILE_PREFIX_HEADER = YES;
				GCC_PREFIX_HEADER = "QuizApp/QuizApp-Prefix.pch";
				INFOPLIST_FILE = "QuizApp/QuizApp-Info.plist";
				PRODUCT_NAME = "$(TARGET_NAME)";
				WRAPPER_EXTENSION = app;
			};
			name = Debug;
		};
		E09EAE131946ABE2009BA115 /* Release */ = {
			isa = XCBuildConfiguration;
			buildSettings = {
				ASSETCATALOG_COMPILER_APPICON_NAME = AppIcon;
				ASSETCATALOG_COMPILER_LAUNCHIMAGE_NAME = LaunchImage;
				GCC_PRECOMPILE_PREFIX_HEADER = YES;
				GCC_PREFIX_HEADER = "QuizApp/QuizApp-Prefix.pch";
				INFOPLIST_FILE = "QuizApp/QuizApp-Info.plist";
				PRODUCT_NAME = "$(TARGET_NAME)";
				WRAPPER_EXTENSION = app;
			};
			name = Release;
		};
		E09EAE151946ABE2009BA115 /* Debug */ = {
			isa = XCBuildConfiguration;
			buildSettings = {
				ARCHS = "$(ARCHS_STANDARD_INCLUDING_64_BIT)";
				BUNDLE_LOADER = "$(BUILT_PRODUCTS_DIR)/QuizApp.app/QuizApp";
				FRAMEWORK_SEARCH_PATHS = (
					"$(SDKROOT)/Developer/Library/Frameworks",
					"$(inherited)",
					"$(DEVELOPER_FRAMEWORKS_DIR)",
				);
				GCC_PRECOMPILE_PREFIX_HEADER = YES;
				GCC_PREFIX_HEADER = "QuizApp/QuizApp-Prefix.pch";
				GCC_PREPROCESSOR_DEFINITIONS = (
					"DEBUG=1",
					"$(inherited)",
				);
				INFOPLIST_FILE = "QuizAppTests/QuizAppTests-Info.plist";
				PRODUCT_NAME = "$(TARGET_NAME)";
				TEST_HOST = "$(BUNDLE_LOADER)";
				WRAPPER_EXTENSION = xctest;
			};
			name = Debug;
		};
		E09EAE161946ABE2009BA115 /* Release */ = {
			isa = XCBuildConfiguration;
			buildSettings = {
				ARCHS = "$(ARCHS_STANDARD_INCLUDING_64_BIT)";
				BUNDLE_LOADER = "$(BUILT_PRODUCTS_DIR)/QuizApp.app/QuizApp";
				FRAMEWORK_SEARCH_PATHS = (
					"$(SDKROOT)/Developer/Library/Frameworks",
					"$(inherited)",
					"$(DEVELOPER_FRAMEWORKS_DIR)",
				);
				GCC_PRECOMPILE_PREFIX_HEADER = YES;
				GCC_PREFIX_HEADER = "QuizApp/QuizApp-Prefix.pch";
				INFOPLIST_FILE = "QuizAppTests/QuizAppTests-Info.plist";
				PRODUCT_NAME = "$(TARGET_NAME)";
				TEST_HOST = "$(BUNDLE_LOADER)";
				WRAPPER_EXTENSION = xctest;
			};
			name = Release;
		};
/* End XCBuildConfiguration section */

/* Begin XCConfigurationList section */
		E09EADDA1946ABE1009BA115 /* Build configuration list for PBXProject "QuizApp" */ = {
			isa = XCConfigurationList;
			buildConfigurations = (
				E09EAE0F1946ABE2009BA115 /* Debug */,
				E09EAE101946ABE2009BA115 /* Release */,
			);
			defaultConfigurationIsVisible = 0;
			defaultConfigurationName = Release;
		};
		E09EAE111946ABE2009BA115 /* Build configuration list for PBXNativeTarget "QuizApp" */ = {
			isa = XCConfigurationList;
			buildConfigurations = (
				E09EAE121946ABE2009BA115 /* Debug */,
				E09EAE131946ABE2009BA115 /* Release */,
			);
			defaultConfigurationIsVisible = 0;
		};
		E09EAE141946ABE2009BA115 /* Build configuration list for PBXNativeTarget "QuizAppTests" */ = {
			isa = XCConfigurationList;
			buildConfigurations = (
				E09EAE151946ABE2009BA115 /* Debug */,
				E09EAE161946ABE2009BA115 /* Release */,
			);
			defaultConfigurationIsVisible = 0;
		};
/* End XCConfigurationList section */
	};
	rootObject = E09EADD71946ABE1009BA115 /* Project object */;
}
